
Microsoft Visual Studio Solution File, Format Version 12.00
# Visual Studio Version 16
VisualStudioVersion = 16.0.30517.126
MinimumVisualStudioVersion = 10.0.40219.1
Project("{FAE04EC0-301F-11D3-BF4B-00C04F79EFBC}") = "WSPhongThiNghiem", "WSPhongThiNghiem\WSPhongThiNghiem.csproj", "{0AB2EA9B-0AB5-488D-B5C4-207ED1C189F5}"
EndProject
Project("{FAE04EC0-301F-11D3-BF4B-00C04F79EFBC}") = "ManagerLabRoom", "ManagerLabRoom\ManagerLabRoom.csproj", "{72530F25-B552-43E5-8329-1EB81BA3F2D8}"
	ProjectSection(ProjectDependencies) = postProject
		{0AB2EA9B-0AB5-488D-B5C4-207ED1C189F5} = {0AB2EA9B-0AB5-488D-B5C4-207ED1C189F5}
	EndProjectSection
EndProject
Global
	GlobalSection(SolutionConfigurationPlatforms) = preSolution
		Debug|Any CPU = Debug|Any CPU
		Release|Any CPU = Release|Any CPU
	EndGlobalSection
	GlobalSection(ProjectConfigurationPlatforms) = postSolution
		{0AB2EA9B-0AB5-488D-B5C4-207ED1C189F5}.Debug|Any CPU.ActiveCfg = Debug|Any CPU
		{0AB2EA9B-0AB5-488D-B5C4-207ED1C189F5}.Debug|Any CPU.Build.0 = Debug|Any CPU
		{0AB2EA9B-0AB5-488D-B5C4-207ED1C189F5}.Release|Any CPU.ActiveCfg = Release|Any CPU
		{0AB2EA9B-0AB5-488D-B5C4-207ED1C189F5}.Release|Any CPU.Build.0 = Release|Any CPU
		{72530F25-B552-43E5-8329-1EB81BA3F2D8}.Debug|Any CPU.ActiveCfg = Debug|Any CPU
		{72530F25-B552-43E5-8329-1EB81BA3F2D8}.Debug|Any CPU.Build.0 = Debug|Any CPU
		{72530F25-B552-43E5-8329-1EB81BA3F2D8}.Release|Any CPU.ActiveCfg = Release|Any CPU
		{72530F25-B552-43E5-8329-1EB81BA3F2D8}.Release|Any CPU.Build.0 = Release|Any CPU
	EndGlobalSection
	GlobalSection(SolutionProperties) = preSolution
		HideSolutionNode = FALSE
	EndGlobalSection
	GlobalSection(ExtensibilityGlobals) = postSolution
		SolutionGuid = {62336996-FB7C-49EC-823D-CD3820A37CDF}
	EndGlobalSection
EndGlobal
